
Microsoft Visual Studio Solution File, Format Version 12.00
# Visual Studio Version 16
VisualStudioVersion = 16.0.31424.327
MinimumVisualStudioVersion = 10.0.40219.1
Project("{FAE04EC0-301F-11D3-BF4B-00C04F79EFBC}") = "TakeBlip.chatbot.API", "TakeBlip.chatbot.API\TakeBlip.chatbot.API.csproj", "{FF01E5AF-6F10-421B-AA17-C829306D2DBF}"
EndProject
Global
	GlobalSection(SolutionConfigurationPlatforms) = preSolution
		Debug|Any CPU = Debug|Any CPU
		Release|Any CPU = Release|Any CPU
	EndGlobalSection
	GlobalSection(ProjectConfigurationPlatforms) = postSolution
		{FF01E5AF-6F10-421B-AA17-C829306D2DBF}.Debug|Any CPU.ActiveCfg = Debug|Any CPU
		{FF01E5AF-6F10-421B-AA17-C829306D2DBF}.Debug|Any CPU.Build.0 = Debug|Any CPU
		{FF01E5AF-6F10-421B-AA17-C829306D2DBF}.Release|Any CPU.ActiveCfg = Release|Any CPU
		{FF01E5AF-6F10-421B-AA17-C829306D2DBF}.Release|Any CPU.Build.0 = Release|Any CPU
	EndGlobalSection
	GlobalSection(SolutionProperties) = preSolution
		HideSolutionNode = FALSE
	EndGlobalSection
	GlobalSection(ExtensibilityGlobals) = postSolution
		SolutionGuid = {A0E95F39-2E96-40AE-8A01-398890703648}
	EndGlobalSection
EndGlobal
